{
  "name": "tjw-blockchain",
  "version": "1.0.0",
  "lockfileVersion": 1,
  "requires": true,
  "dependencies": {
    "crypto-js": {
      "version": "3.2.1",
      "resolved": "https://registry.npmjs.org/crypto-js/-/crypto-js-3.2.1.tgz",
      "integrity": "sha512-fIEXOyiXnmPbPk2+q8t97VYDSo8naqvI+2v0AJeLraQzhuL/GZ2qgcRpEadVQ7r8pXwBOHVjwOdyAXYYb3DWiQ=="
    },
    "lodash.isboolean": {
      "version": "3.0.3",
      "resolved": "https://registry.npmjs.org/lodash.isboolean/-/lodash.isboolean-3.0.3.tgz",
      "integrity": "sha1-bC4XHbKiV82WgC/UOwGyDV9YcPY="
    },
    "lodash.isempty": {
      "version": "4.4.0",
      "resolved": "https://registry.npmjs.org/lodash.isempty/-/lodash.isempty-4.4.0.tgz",
      "integrity": "sha1-b4bL7di+TsmHvpqvM8loTbGzHn4="
    },
    "performance-now": {
      "version": "2.1.0",
      "resolved": "https://registry.npmjs.org/performance-now/-/performance-now-2.1.0.tgz",
      "integrity": "sha1-Ywn04OX6kT7BxpMHrjZLSzd8nns="
    },
    "statman-stopwatch": {
      "version": "2.11.1",
      "resolved": "https://registry.npmjs.org/statman-stopwatch/-/statman-stopwatch-2.11.1.tgz",
      "integrity": "sha512-+qDg71bONoj2SyKJ5TUq9QBf9gb2mZIsxg9JnIbt+OJS9xn6bQqemvSHnvwUrOjwHDlWST3kWlQM9z3VTkTUcg==",
      "requires": {
        "lodash.isboolean": "^3.0.3",
        "lodash.isempty": "^4.4.0",
        "performance-now": "^2.0.0",
        "string-template": "^1.0.0",
        "uuid": "^3.3.3"
      }
    },
    "string-template": {
      "version": "1.0.0",
      "resolved": "https://registry.npmjs.org/string-template/-/string-template-1.0.0.tgz",
      "integrity": "sha1-np8iM9wA8hhxjsN5oopWc+zKi5Y="
    },
    "uuid": {
      "version": "3.4.0",
      "resolved": "https://registry.npmjs.org/uuid/-/uuid-3.4.0.tgz",
      "integrity": "sha512-HjSDRw6gZE5JMggctHBcjVak08+KEVhSIiDzFnT9S9aegmp85S/bReBVTb4QTFaRNptJ9kuYaNhnbNEOkbKb/A=="
    }
  }
}
